
Microsoft Visual Studio Solution File, Format Version 12.00
# Visual Studio 15
VisualStudioVersion = 15.0.27428.1
MinimumVisualStudioVersion = 10.0.40219.1
Project("{FAE04EC0-301F-11D3-BF4B-00C04F79EFBC}") = "WebApplication2", "WebApplication2\WebApplication2.csproj", "{9686314E-05CB-488A-8A32-B3F33123EF54}"
EndProject
Project("{FAE04EC0-301F-11D3-BF4B-00C04F79EFBC}") = "LineWebHook", "LineWebHook\LineWebHook.csproj", "{C12693EC-C4C3-4323-BDEC-84F1CFF3EAAE}"
EndProject
Global
	GlobalSection(SolutionConfigurationPlatforms) = preSolution
		Debug|Any CPU = Debug|Any CPU
		Release|Any CPU = Release|Any CPU
	EndGlobalSection
	GlobalSection(ProjectConfigurationPlatforms) = postSolution
		{9686314E-05CB-488A-8A32-B3F33123EF54}.Debug|Any CPU.ActiveCfg = Debug|Any CPU
		{9686314E-05CB-488A-8A32-B3F33123EF54}.Debug|Any CPU.Build.0 = Debug|Any CPU
		{9686314E-05CB-488A-8A32-B3F33123EF54}.Release|Any CPU.ActiveCfg = Release|Any CPU
		{9686314E-05CB-488A-8A32-B3F33123EF54}.Release|Any CPU.Build.0 = Release|Any CPU
		{C12693EC-C4C3-4323-BDEC-84F1CFF3EAAE}.Debug|Any CPU.ActiveCfg = Debug|Any CPU
		{C12693EC-C4C3-4323-BDEC-84F1CFF3EAAE}.Debug|Any CPU.Build.0 = Debug|Any CPU
		{C12693EC-C4C3-4323-BDEC-84F1CFF3EAAE}.Release|Any CPU.ActiveCfg = Release|Any CPU
		{C12693EC-C4C3-4323-BDEC-84F1CFF3EAAE}.Release|Any CPU.Build.0 = Release|Any CPU
	EndGlobalSection
	GlobalSection(SolutionProperties) = preSolution
		HideSolutionNode = FALSE
	EndGlobalSection
	GlobalSection(ExtensibilityGlobals) = postSolution
		SolutionGuid = {82C7080B-50B8-426C-BB49-F38225BC0F01}
	EndGlobalSection
EndGlobal
